
Microsoft Visual Studio Solution File, Format Version 12.00
# Visual Studio Version 17
VisualStudioVersion = 17.8.34525.116
MinimumVisualStudioVersion = 10.0.40219.1
Project("{9A19103F-16F7-4668-BE54-9A1E7A4F7556}") = "LethalSirenHead", "LethalSirenHead.csproj", "{22AFCC53-9F27-49F9-B82D-3FF7E8026CCE}"
EndProject
Global
	GlobalSection(SolutionConfigurationPlatforms) = preSolution
		Debug|Any CPU = Debug|Any CPU
		Release|Any CPU = Release|Any CPU
	EndGlobalSection
	GlobalSection(ProjectConfigurationPlatforms) = postSolution
		{22AFCC53-9F27-49F9-B82D-3FF7E8026CCE}.Debug|Any CPU.ActiveCfg = Debug|Any CPU
		{22AFCC53-9F27-49F9-B82D-3FF7E8026CCE}.Debug|Any CPU.Build.0 = Debug|Any CPU
		{22AFCC53-9F27-49F9-B82D-3FF7E8026CCE}.Release|Any CPU.ActiveCfg = Release|Any CPU
		{22AFCC53-9F27-49F9-B82D-3FF7E8026CCE}.Release|Any CPU.Build.0 = Release|Any CPU
	EndGlobalSection
	GlobalSection(SolutionProperties) = preSolution
		HideSolutionNode = FALSE
	EndGlobalSection
	GlobalSection(ExtensibilityGlobals) = postSolution
		SolutionGuid = {B1E9956C-BD02-4690-A642-C2CF85CFF37D}
	EndGlobalSection
EndGlobal
